# THIS IS AN AUTOGENERATED FILE. DO NOT EDIT THIS FILE DIRECTLY.
# yarn lockfile v1


bad-words@^3.0.3:
  version "3.0.3"
  resolved "https://registry.yarnpkg.com/bad-words/-/bad-words-3.0.3.tgz#fa6fe18ffce3101a415193ebd8647c289b58b554"
  integrity sha512-To+nGz+U8SpEQieZ2kSadY/1hVO88UXAslCJuTgLjDOuGrs/tNW2BYwl0fctxcRLooe0nzYN1pGzgvRIrd0BeA==
  dependencies:
    badwords-list "^1.0.0"

badwords-list@^1.0.0:
  version "1.0.0"
  resolved "https://registry.yarnpkg.com/badwords-list/-/badwords-list-1.0.0.tgz#5e9856dbf13482a295c3b0b304afb9d4cfc5c579"
  integrity sha1-XphW2/E0gqKVw7CzBK+51M/FxXk=
